# THIS IS AN AUTOGENERATED FILE. DO NOT EDIT THIS FILE DIRECTLY.
# yarn lockfile v1


"-@^0.0.1":
  version "0.0.1"
  resolved "https://registry.npmjs.org/-/-/--0.0.1.tgz"
  integrity sha512-3HfneK3DGAm05fpyj20sT3apkNcvPpCuccOThOPdzz8sY7GgQGe0l93XH9bt+YzibcTIgUAIMoyVJI740RtgyQ==

"@antfu/utils@^0.7.10":
  version "0.7.10"
  resolved "https://registry.npmjs.org/@antfu/utils/-/utils-0.7.10.tgz"
  integrity sha512-+562v9k4aI80m1+VuMHehNJWLOFjBnXn3tdOitzD0il5b7smkSBal4+a3oKiQTbrwMmN/TBUMDvbdoWDehgOww==

"@babel/helper-string-parser@^7.25.9":
  version "7.25.9"
  resolved "https://registry.npmjs.org/@babel/helper-string-parser/-/helper-string-parser-7.25.9.tgz"
  integrity sha512-4A/SCr/2KLd5jrtOMFzaKjVtAei3+2r/NChoBNoZ3EyP/+GlhoaEGoWOZUmFmoITP7zOJyHIMm+DYRd8o3PvHA==

"@babel/helper-validator-identifier@^7.25.9":
  version "7.25.9"
  resolved "https://registry.npmjs.org/@babel/helper-validator-identifier/-/helper-validator-identifier-7.25.9.tgz"
  integrity sha512-Ed61U6XJc3CVRfkERJWDz4dJwKe7iLmmJsbOGu9wSloNSFttHV0I8g6UAgb7qnK5ly5bGLPd4oXZlxCdANBOWQ==

"@babel/parser@^7.15.8", "@babel/parser@^7.25.3":
  version "7.26.2"
  resolved "https://registry.npmjs.org/@babel/parser/-/parser-7.26.2.tgz"
  integrity sha512-DWMCZH9WA4Maitz2q21SRKHo9QXZxkDsbNZoVD62gusNtNBBqDg9i7uOhASfTfIGNzW+O+r7+jAlM8dwphcJKQ==
  dependencies:
    "@babel/types" "^7.26.0"

"@babel/types@^7.26.0":
  version "7.26.0"
  resolved "https://registry.npmjs.org/@babel/types/-/types-7.26.0.tgz"
  integrity sha512-Z/yiTPj+lDVnF7lWeKCIJzaIkI0vYO87dMpZ4bg4TDrFe4XXLFWL1TbXU27gBP3QccxV9mZICCrnjnYlJjXHOA==
  dependencies:
    "@babel/helper-string-parser" "^7.25.9"
    "@babel/helper-validator-identifier" "^7.25.9"

"@bufbuild/protobuf@^2.0.0":
  version "2.2.2"
  resolved "https://registry.npmjs.org/@bufbuild/protobuf/-/protobuf-2.2.2.tgz"
  integrity sha512-UNtPCbrwrenpmrXuRwn9jYpPoweNXj8X5sMvYgsqYyaH8jQ6LfUJSk3dJLnBK+6sfYPrF4iAIo5sd5HQ+tg75A==

"@esbuild/win32-x64@0.24.0":
  version "0.24.0"
  resolved "https://registry.npmjs.org/@esbuild/win32-x64/-/win32-x64-0.24.0.tgz"
  integrity sha512-7IAFPrjSQIJrGsK6flwg7NFmwBoSTyF3rl7If0hNUFQU4ilTsEPL6GuMuU9BfIWVVGuRnuIidkSMC+c0Otu8IA==

"@jridgewell/sourcemap-codec@^1.5.0":
  version "1.5.0"
  resolved "https://registry.npmjs.org/@jridgewell/sourcemap-codec/-/sourcemap-codec-1.5.0.tgz"
  integrity sha512-gv3ZRaISU3fjPAgNsriBRqGWQL6quFx04YMPW/zD8XMLsU32mhCCbfbO6KZFLjvYpCZ8zyDEgqsgf+PwPaM7GQ==

"@nodelib/fs.scandir@2.1.5":
  version "2.1.5"
  resolved "https://registry.npmjs.org/@nodelib/fs.scandir/-/fs.scandir-2.1.5.tgz"
  integrity sha512-vq24Bq3ym5HEQm2NKCr3yXDwjc7vTsEThRDnkp2DK9p1uqLR+DHurm/NOTo0KG7HYHU7eppKZj3MyqYuMBf62g==
  dependencies:
    "@nodelib/fs.stat" "2.0.5"
    run-parallel "^1.1.9"

"@nodelib/fs.stat@^2.0.2", "@nodelib/fs.stat@2.0.5":
  version "2.0.5"
  resolved "https://registry.npmjs.org/@nodelib/fs.stat/-/fs.stat-2.0.5.tgz"
  integrity sha512-RkhPPp2zrqDAQA/2jNhnztcPAlv64XdhIp7a7454A5ovI7Bukxgt7MX7udwAu3zg1DcpPU0rz3VV1SeaqvY4+A==

"@nodelib/fs.walk@^1.2.3":
  version "1.2.8"
  resolved "https://registry.npmjs.org/@nodelib/fs.walk/-/fs.walk-1.2.8.tgz"
  integrity sha512-oGB+UxlgWcgQkgwo8GcEGwemoTFt3FIO9ababBmaGwXIoBKZ+GTy0pP185beGg7Llih/NSHSV2XAs1lnznocSg==
  dependencies:
    "@nodelib/fs.scandir" "2.1.5"
    fastq "^1.6.0"

"@primeuix/styled@^0.3.2":
  version "0.3.2"
  resolved "https://registry.npmjs.org/@primeuix/styled/-/styled-0.3.2.tgz"
  integrity sha512-ColZes0+/WKqH4ob2x8DyNYf1NENpe5ZguOvx5yCLxaP8EIMVhLjWLO/3umJiDnQU4XXMLkn2mMHHw+fhTX/mw==
  dependencies:
    "@primeuix/utils" "^0.3.2"

"@primeuix/utils@^0.3.2":
  version "0.3.2"
  resolved "https://registry.npmjs.org/@primeuix/utils/-/utils-0.3.2.tgz"
  integrity sha512-B+nphqTQeq+i6JuICLdVWnDMjONome2sNz0xI65qIOyeB4EF12CoKRiCsxuZ5uKAkHi/0d1LqlQ9mIWRSdkavw==

"@primevue/auto-import-resolver@^4.2.4":
  version "4.2.4"
  resolved "https://registry.npmjs.org/@primevue/auto-import-resolver/-/auto-import-resolver-4.2.4.tgz"
  integrity sha512-BTxznfDarR+l6Ef33SH8trfZMUrnz6juG4GBE980rXWzE6t+dydr44Uj1b1+xEBQaNjsEuC3qDbhx9nsU8Jf8w==
  dependencies:
    "@primevue/metadata" "4.2.4"

"@primevue/core@4.2.4":
  version "4.2.4"
  resolved "https://registry.npmjs.org/@primevue/core/-/core-4.2.4.tgz"
  integrity sha512-QFvPcGSvyIhZPLdnjJnYrwbDtwbA1/FyGLI7VYDgYv4twsgtLw0kgKDyWB1uwM0xdJhv8CCmu7hfxcsPaLuIFg==
  dependencies:
    "@primeuix/styled" "^0.3.2"
    "@primeuix/utils" "^0.3.2"

"@primevue/icons@4.2.4":
  version "4.2.4"
  resolved "https://registry.npmjs.org/@primevue/icons/-/icons-4.2.4.tgz"
  integrity sha512-vteUFM7qvWiDJWxhBbDRgc2VY6kQQyJ91yOukqfWHy4gAgfTz1jiUXMAzc7j269oh4CNFpTNhCe9riS7402HGg==
  dependencies:
    "@primeuix/utils" "^0.3.2"
    "@primevue/core" "4.2.4"

"@primevue/metadata@4.2.4":
  version "4.2.4"
  resolved "https://registry.npmjs.org/@primevue/metadata/-/metadata-4.2.4.tgz"
  integrity sha512-kClj0ZMe82aonNfEDp4MnlyOL+BhSbkSgagN5RNQc4RmgWaj9M7BoDEd1SBlKgpyKHCxh3btdcVjDwG/6qN1TQ==

"@primevue/themes@^4.2.4":
  version "4.2.4"
  resolved "https://registry.npmjs.org/@primevue/themes/-/themes-4.2.4.tgz"
  integrity sha512-nVM8/8qoV+lxSTK2k6Q19xyjrBlOjrgPzoA9OneKhlMYucBjWhSf3dBQaB9JgXRXAEwV5bzh4KPfcrMqn53QJA==
  dependencies:
    "@primeuix/styled" "^0.3.2"

"@rollup/pluginutils@^5.1.3":
  version "5.1.3"
  resolved "https://registry.npmjs.org/@rollup/pluginutils/-/pluginutils-5.1.3.tgz"
  integrity sha512-Pnsb6f32CD2W3uCaLZIzDmeFyQ2b8UWMFI7xtwUezpcGBDVDW6y9XgAWIlARiGAo6eNF5FK5aQTr0LFyNyqq5A==
  dependencies:
    "@types/estree" "^1.0.0"
    estree-walker "^2.0.2"
    picomatch "^4.0.2"

"@rollup/rollup-win32-x64-msvc@4.27.4":
  version "4.27.4"
  resolved "https://registry.npmjs.org/@rollup/rollup-win32-x64-msvc/-/rollup-win32-x64-msvc-4.27.4.tgz"
  integrity sha512-3j4jx1TppORdTAoBJRd+/wJRGCPC0ETWkXOecJ6PPZLj6SptXkrXcNqdj0oclbKML6FkQltdz7bBA3rUSirZug==

"@types/estree@^1.0.0", "@types/estree@1.0.6":
  version "1.0.6"
  resolved "https://registry.npmjs.org/@types/estree/-/estree-1.0.6.tgz"
  integrity sha512-AYnb1nQyY49te+VRAVgmzfcgjYS91mY5P0TKUDCLEM+gNnA+3T6rWITXRLYCpahpqSQbN5cE+gHpnPyXjHWxcw==

"@types/js-cookie@^3.0.6":
  version "3.0.6"
  resolved "https://registry.npmjs.org/@types/js-cookie/-/js-cookie-3.0.6.tgz"
  integrity sha512-wkw9yd1kEXOPnvEeEV1Go1MmxtBJL0RR79aOTAApecWFVu7w0NNXNqhcWgvw2YgZDYadliXkl14pa3WXw5jlCQ==

"@vitejs/plugin-vue@^5.2.1":
  version "5.2.1"
  resolved "https://registry.npmjs.org/@vitejs/plugin-vue/-/plugin-vue-5.2.1.tgz"
  integrity sha512-cxh314tzaWwOLqVes2gnnCtvBDcM1UMdn+iFR+UjAn411dPT3tOmqrJjbMd7koZpMAmBM/GqeV4n9ge7JSiJJQ==

"@volar/language-core@~2.4.8", "@volar/language-core@2.4.10":
  version "2.4.10"
  resolved "https://registry.npmjs.org/@volar/language-core/-/language-core-2.4.10.tgz"
  integrity sha512-hG3Z13+nJmGaT+fnQzAkS0hjJRa2FCeqZt6Bd+oGNhUkQ+mTFsDETg5rqUTxyzIh5pSOGY7FHCWUS8G82AzLCA==
  dependencies:
    "@volar/source-map" "2.4.10"

"@volar/source-map@2.4.10":
  version "2.4.10"
  resolved "https://registry.npmjs.org/@volar/source-map/-/source-map-2.4.10.tgz"
  integrity sha512-OCV+b5ihV0RF3A7vEvNyHPi4G4kFa6ukPmyVocmqm5QzOd8r5yAtiNvaPEjl8dNvgC/lj4JPryeeHLdXd62rWA==

"@volar/typescript@~2.4.8":
  version "2.4.10"
  resolved "https://registry.npmjs.org/@volar/typescript/-/typescript-2.4.10.tgz"
  integrity sha512-F8ZtBMhSXyYKuBfGpYwqA5rsONnOwAVvjyE7KPYJ7wgZqo2roASqNWUnianOomJX5u1cxeRooHV59N0PhvEOgw==
  dependencies:
    "@volar/language-core" "2.4.10"
    path-browserify "^1.0.1"
    vscode-uri "^3.0.8"

"@vue/compiler-core@3.5.13":
  version "3.5.13"
  resolved "https://registry.npmjs.org/@vue/compiler-core/-/compiler-core-3.5.13.tgz"
  integrity sha512-oOdAkwqUfW1WqpwSYJce06wvt6HljgY3fGeM9NcVA1HaYOij3mZG9Rkysn0OHuyUAGMbEbARIpsG+LPVlBJ5/Q==
  dependencies:
    "@babel/parser" "^7.25.3"
    "@vue/shared" "3.5.13"
    entities "^4.5.0"
    estree-walker "^2.0.2"
    source-map-js "^1.2.0"

"@vue/compiler-dom@^3.5.0", "@vue/compiler-dom@3.5.13":
  version "3.5.13"
  resolved "https://registry.npmjs.org/@vue/compiler-dom/-/compiler-dom-3.5.13.tgz"
  integrity sha512-ZOJ46sMOKUjO3e94wPdCzQ6P1Lx/vhp2RSvfaab88Ajexs0AHeV0uasYhi99WPaogmBlRHNRuly8xV75cNTMDA==
  dependencies:
    "@vue/compiler-core" "3.5.13"
    "@vue/shared" "3.5.13"

"@vue/compiler-sfc@3.5.13":
  version "3.5.13"
  resolved "https://registry.npmjs.org/@vue/compiler-sfc/-/compiler-sfc-3.5.13.tgz"
  integrity sha512-6VdaljMpD82w6c2749Zhf5T9u5uLBWKnVue6XWxprDobftnletJ8+oel7sexFfM3qIxNmVE7LSFGTpv6obNyaQ==
  dependencies:
    "@babel/parser" "^7.25.3"
    "@vue/compiler-core" "3.5.13"
    "@vue/compiler-dom" "3.5.13"
    "@vue/compiler-ssr" "3.5.13"
    "@vue/shared" "3.5.13"
    estree-walker "^2.0.2"
    magic-string "^0.30.11"
    postcss "^8.4.48"
    source-map-js "^1.2.0"

"@vue/compiler-ssr@3.5.13":
  version "3.5.13"
  resolved "https://registry.npmjs.org/@vue/compiler-ssr/-/compiler-ssr-3.5.13.tgz"
  integrity sha512-wMH6vrYHxQl/IybKJagqbquvxpWCuVYpoUJfCqFZwa/JY1GdATAQ+TgVtgrwwMZ0D07QhA99rs/EAAWfvG6KpA==
  dependencies:
    "@vue/compiler-dom" "3.5.13"
    "@vue/shared" "3.5.13"

"@vue/compiler-vue2@^2.7.16":
  version "2.7.16"
  resolved "https://registry.npmjs.org/@vue/compiler-vue2/-/compiler-vue2-2.7.16.tgz"
  integrity sha512-qYC3Psj9S/mfu9uVi5WvNZIzq+xnXMhOwbTFKKDD7b1lhpnn71jXSFdTQ+WsIEk0ONCd7VV2IMm7ONl6tbQ86A==
  dependencies:
    de-indent "^1.0.2"
    he "^1.2.0"

"@vue/devtools-api@^6.0.0", "@vue/devtools-api@^6.6.3":
  version "6.6.4"
  resolved "https://registry.npmjs.org/@vue/devtools-api/-/devtools-api-6.6.4.tgz"
  integrity sha512-sGhTPMuXqZ1rVOk32RylztWkfXTRhuS7vgAKv0zjqk8gbsHkJ7xfFf+jbySxt7tWObEJwyKaHMikV/WGDiQm8g==

"@vue/language-core@2.1.10":
  version "2.1.10"
  resolved "https://registry.npmjs.org/@vue/language-core/-/language-core-2.1.10.tgz"
  integrity sha512-DAI289d0K3AB5TUG3xDp9OuQ71CnrujQwJrQnfuZDwo6eGNf0UoRlPuaVNO+Zrn65PC3j0oB2i7mNmVPggeGeQ==
  dependencies:
    "@volar/language-core" "~2.4.8"
    "@vue/compiler-dom" "^3.5.0"
    "@vue/compiler-vue2" "^2.7.16"
    "@vue/shared" "^3.5.0"
    alien-signals "^0.2.0"
    minimatch "^9.0.3"
    muggle-string "^0.4.1"
    path-browserify "^1.0.1"

"@vue/reactivity@3.5.13":
  version "3.5.13"
  resolved "https://registry.npmjs.org/@vue/reactivity/-/reactivity-3.5.13.tgz"
  integrity sha512-NaCwtw8o48B9I6L1zl2p41OHo/2Z4wqYGGIK1Khu5T7yxrn+ATOixn/Udn2m+6kZKB/J7cuT9DbWWhRxqixACg==
  dependencies:
    "@vue/shared" "3.5.13"

"@vue/runtime-core@3.5.13":
  version "3.5.13"
  resolved "https://registry.npmjs.org/@vue/runtime-core/-/runtime-core-3.5.13.tgz"
  integrity sha512-Fj4YRQ3Az0WTZw1sFe+QDb0aXCerigEpw418pw1HBUKFtnQHWzwojaukAs2X/c9DQz4MQ4bsXTGlcpGxU/RCIw==
  dependencies:
    "@vue/reactivity" "3.5.13"
    "@vue/shared" "3.5.13"

"@vue/runtime-dom@3.5.13":
  version "3.5.13"
  resolved "https://registry.npmjs.org/@vue/runtime-dom/-/runtime-dom-3.5.13.tgz"
  integrity sha512-dLaj94s93NYLqjLiyFzVs9X6dWhTdAlEAciC3Moq7gzAc13VJUdCnjjRurNM6uTLFATRHexHCTu/Xp3eW6yoog==
  dependencies:
    "@vue/reactivity" "3.5.13"
    "@vue/runtime-core" "3.5.13"
    "@vue/shared" "3.5.13"
    csstype "^3.1.3"

"@vue/server-renderer@3.5.13":
  version "3.5.13"
  resolved "https://registry.npmjs.org/@vue/server-renderer/-/server-renderer-3.5.13.tgz"
  integrity sha512-wAi4IRJV/2SAW3htkTlB+dHeRmpTiVIK1OGLWV1yeStVSebSQQOwGwIq0D3ZIoBj2C2qpgz5+vX9iEBkTdk5YA==
  dependencies:
    "@vue/compiler-ssr" "3.5.13"
    "@vue/shared" "3.5.13"

"@vue/shared@^3.5.0", "@vue/shared@3.5.13":
  version "3.5.13"
  resolved "https://registry.npmjs.org/@vue/shared/-/shared-3.5.13.tgz"
  integrity sha512-/hnE/qP5ZoGpol0a5mDi45bOd7t3tjYJBjsgCsivow7D48cJeV5l05RD82lPqi7gRiphZM37rnhW1l6ZoCNNnQ==

acorn@^8.14.0:
  version "8.14.0"
  resolved "https://registry.npmjs.org/acorn/-/acorn-8.14.0.tgz"
  integrity sha512-cl669nCJTZBsL97OF4kUQm5g5hC2uihk0NxY3WENAC0TYdILVkAyHymAntgxGkl7K+t0cXIrH5siy5S4XkFycA==

alien-signals@^0.2.0:
  version "0.2.2"
  resolved "https://registry.npmjs.org/alien-signals/-/alien-signals-0.2.2.tgz"
  integrity sha512-cZIRkbERILsBOXTQmMrxc9hgpxglstn69zm+F1ARf4aPAzdAFYd6sBq87ErO0Fj3DV94tglcyHG5kQz9nDC/8A==

anymatch@~3.1.2:
  version "3.1.3"
  resolved "https://registry.npmjs.org/anymatch/-/anymatch-3.1.3.tgz"
  integrity sha512-KMReFUr0B4t+D+OBkjR3KYqvocp2XaSzO55UcB6mgQMd3KbcE+mWTyvVV7D/zsdEbNnV6acZUutkiHQXvTr1Rw==
  dependencies:
    normalize-path "^3.0.0"
    picomatch "^2.0.4"

asynckit@^0.4.0:
  version "0.4.0"
  resolved "https://registry.npmjs.org/asynckit/-/asynckit-0.4.0.tgz"
  integrity sha512-Oei9OH4tRh0YqU3GxhX79dM/mwVgvbZJaSNaRk+bshkj0S5cfHcgYakreBjrHwatXKbz+IoIdYLxrKim2MjW0Q==

axios@^1.7.8:
  version "1.7.8"
  resolved "https://registry.npmjs.org/axios/-/axios-1.7.8.tgz"
  integrity sha512-Uu0wb7KNqK2t5K+YQyVCLM76prD5sRFjKHbJYCP1J7JFGEQ6nN7HWn9+04LAeiJ3ji54lgS/gZCH1oxyrf1SPw==
  dependencies:
    follow-redirects "^1.15.6"
    form-data "^4.0.0"
    proxy-from-env "^1.1.0"

balanced-match@^1.0.0:
  version "1.0.2"
  resolved "https://registry.npmjs.org/balanced-match/-/balanced-match-1.0.2.tgz"
  integrity sha512-3oSeUO0TMV67hN1AmbXsK4yaqU7tjiHlbxRDZOpH0KW9+CeX4bRAaX0Anxt0tx2MrpRpWwQaPwIlISEJhYU5Pw==

binary-extensions@^2.0.0:
  version "2.3.0"
  resolved "https://registry.npmjs.org/binary-extensions/-/binary-extensions-2.3.0.tgz"
  integrity sha512-Ceh+7ox5qe7LJuLHoY0feh3pHuUDHAcRUeyL2VYghZwfpkNIy/+8Ocg0a3UuSoYzavmylwuLWQOf3hl0jjMMIw==

brace-expansion@^2.0.1:
  version "2.0.1"
  resolved "https://registry.npmjs.org/brace-expansion/-/brace-expansion-2.0.1.tgz"
  integrity sha512-XnAIvQ8eM+kC6aULx6wuQiwVsnzsi9d3WxzV3FpWTGA19F621kwdbsAcFKXgKUHZWsy+mY6iL1sHTxWEFCytDA==
  dependencies:
    balanced-match "^1.0.0"

braces@^3.0.3, braces@~3.0.2:
  version "3.0.3"
  resolved "https://registry.npmjs.org/braces/-/braces-3.0.3.tgz"
  integrity sha512-yQbXgO/OSZVD2IsiLlro+7Hf6Q18EJrKSEsdoMzKePKXct3gvD8oLcOQdIzGupr5Fj+EDe8gO/lxc1BzfMpxvA==
  dependencies:
    fill-range "^7.1.1"

buffer-builder@^0.2.0:
  version "0.2.0"
  resolved "https://registry.npmjs.org/buffer-builder/-/buffer-builder-0.2.0.tgz"
  integrity sha512-7VPMEPuYznPSoR21NE1zvd2Xna6c/CloiZCfcMXR1Jny6PjX0N4Nsa38zcBFo/FMK+BlA+FLKbJCQ0i2yxp+Xg==

chokidar@^3.6.0:
  version "3.6.0"
  resolved "https://registry.npmjs.org/chokidar/-/chokidar-3.6.0.tgz"
  integrity sha512-7VT13fmjotKpGipCW9JEQAusEPE+Ei8nl6/g4FBAmIm0GOOLMua9NDDo/DWp0ZAxCr3cPq5ZpBqmPAQgDda2Pw==
  dependencies:
    anymatch "~3.1.2"
    braces "~3.0.2"
    glob-parent "~5.1.2"
    is-binary-path "~2.1.0"
    is-glob "~4.0.1"
    normalize-path "~3.0.0"
    readdirp "~3.6.0"
  optionalDependencies:
    fsevents "~2.3.2"

colorjs.io@^0.5.0:
  version "0.5.2"
  resolved "https://registry.npmjs.org/colorjs.io/-/colorjs.io-0.5.2.tgz"
  integrity sha512-twmVoizEW7ylZSN32OgKdXRmo1qg+wT5/6C3xu5b9QsWzSFAhHLn2xd8ro0diCsKfCj1RdaTP/nrcW+vAoQPIw==

combined-stream@^1.0.8:
  version "1.0.8"
  resolved "https://registry.npmjs.org/combined-stream/-/combined-stream-1.0.8.tgz"
  integrity sha512-FQN4MRfuJeHf7cBbBMJFXhKSDq+2kAArBlmRBvcvFE5BB1HZKXtSFASDhdlz9zOYwxh8lDdnvmMOe/+5cdoEdg==
  dependencies:
    delayed-stream "~1.0.0"

confbox@^0.1.8:
  version "0.1.8"
  resolved "https://registry.npmjs.org/confbox/-/confbox-0.1.8.tgz"
  integrity sha512-RMtmw0iFkeR4YV+fUOSucriAQNb9g8zFR52MWCtl+cCZOFRNL6zeB395vPzFhEjjn4fMxXudmELnl/KF/WrK6w==

csstype@^3.1.3:
  version "3.1.3"
  resolved "https://registry.npmjs.org/csstype/-/csstype-3.1.3.tgz"
  integrity sha512-M1uQkMl8rQK/szD0LNhtqxIPLpimGm8sOBwU7lLnCpSbTyY3yeU1Vc7l4KT5zT4s/yOxHH5O7tIuuLOCnLADRw==

de-indent@^1.0.2:
  version "1.0.2"
  resolved "https://registry.npmjs.org/de-indent/-/de-indent-1.0.2.tgz"
  integrity sha512-e/1zu3xH5MQryN2zdVaF0OrdNLUbvWxzMbi+iNA6Bky7l1RoP8a2fIbRocyHclXt/arDrrR6lL3TqFD9pMQTsg==

debug@^4.3.7:
  version "4.3.7"
  resolved "https://registry.npmjs.org/debug/-/debug-4.3.7.tgz"
  integrity sha512-Er2nc/H7RrMXZBFCEim6TCmMk02Z8vLC2Rbi1KEBggpo0fS6l0S1nnapwmIi3yW/+GOJap1Krg4w0Hg80oCqgQ==
  dependencies:
    ms "^2.1.3"

delayed-stream@~1.0.0:
  version "1.0.0"
  resolved "https://registry.npmjs.org/delayed-stream/-/delayed-stream-1.0.0.tgz"
  integrity sha512-ZySD7Nf91aLB0RxL4KGrKHBXl7Eds1DAmEdcoVawXnLD7SDhpNgtuII2aAkg7a7QS41jxPSZ17p4VdGnMHk3MQ==

entities@^4.5.0:
  version "4.5.0"
  resolved "https://registry.npmjs.org/entities/-/entities-4.5.0.tgz"
  integrity sha512-V0hjH4dGPh9Ao5p0MoRY6BVqtwCjhz6vI5LT8AJ55H+4g9/4vbHx1I54fS0XuclLhDHArPQCiMjDxjaL8fPxhw==

esbuild@^0.24.0:
  version "0.24.0"
  resolved "https://registry.npmjs.org/esbuild/-/esbuild-0.24.0.tgz"
  integrity sha512-FuLPevChGDshgSicjisSooU0cemp/sGXR841D5LHMB7mTVOmsEHcAxaH3irL53+8YDIeVNQEySh4DaYU/iuPqQ==
  optionalDependencies:
    "@esbuild/aix-ppc64" "0.24.0"
    "@esbuild/android-arm" "0.24.0"
    "@esbuild/android-arm64" "0.24.0"
    "@esbuild/android-x64" "0.24.0"
    "@esbuild/darwin-arm64" "0.24.0"
    "@esbuild/darwin-x64" "0.24.0"
    "@esbuild/freebsd-arm64" "0.24.0"
    "@esbuild/freebsd-x64" "0.24.0"
    "@esbuild/linux-arm" "0.24.0"
    "@esbuild/linux-arm64" "0.24.0"
    "@esbuild/linux-ia32" "0.24.0"
    "@esbuild/linux-loong64" "0.24.0"
    "@esbuild/linux-mips64el" "0.24.0"
    "@esbuild/linux-ppc64" "0.24.0"
    "@esbuild/linux-riscv64" "0.24.0"
    "@esbuild/linux-s390x" "0.24.0"
    "@esbuild/linux-x64" "0.24.0"
    "@esbuild/netbsd-x64" "0.24.0"
    "@esbuild/openbsd-arm64" "0.24.0"
    "@esbuild/openbsd-x64" "0.24.0"
    "@esbuild/sunos-x64" "0.24.0"
    "@esbuild/win32-arm64" "0.24.0"
    "@esbuild/win32-ia32" "0.24.0"
    "@esbuild/win32-x64" "0.24.0"

estree-walker@^2.0.2:
  version "2.0.2"
  resolved "https://registry.npmjs.org/estree-walker/-/estree-walker-2.0.2.tgz"
  integrity sha512-Rfkk/Mp/DL7JVje3u18FxFujQlTNR2q6QfMSMB7AvCBx91NGj/ba3kCfza0f6dVDbw7YlRf/nDrn7pQrCCyQ/w==

fast-glob@^3.3.2:
  version "3.3.2"
  resolved "https://registry.npmjs.org/fast-glob/-/fast-glob-3.3.2.tgz"
  integrity sha512-oX2ruAFQwf/Orj8m737Y5adxDQO0LAB7/S5MnxCdTNDd4p6BsyIVsv9JQsATbTSq8KHRpLwIHbVlUNatxd+1Ow==
  dependencies:
    "@nodelib/fs.stat" "^2.0.2"
    "@nodelib/fs.walk" "^1.2.3"
    glob-parent "^5.1.2"
    merge2 "^1.3.0"
    micromatch "^4.0.4"

fastq@^1.6.0:
  version "1.17.1"
  resolved "https://registry.npmjs.org/fastq/-/fastq-1.17.1.tgz"
  integrity sha512-sRVD3lWVIXWg6By68ZN7vho9a1pQcN/WBFaAAsDDFzlJjvoGx0P8z7V1t72grFJfJhu3YPZBuu25f7Kaw2jN1w==
  dependencies:
    reusify "^1.0.4"

fill-range@^7.1.1:
  version "7.1.1"
  resolved "https://registry.npmjs.org/fill-range/-/fill-range-7.1.1.tgz"
  integrity sha512-YsGpe3WHLK8ZYi4tWDg2Jy3ebRz2rXowDxnld4bkQB00cc/1Zw9AWnC0i9ztDJitivtQvaI9KaLyKrc+hBW0yg==
  dependencies:
    to-regex-range "^5.0.1"

follow-redirects@^1.15.6:
  version "1.15.9"
  resolved "https://registry.npmjs.org/follow-redirects/-/follow-redirects-1.15.9.tgz"
  integrity sha512-gew4GsXizNgdoRyqmyfMHyAmXsZDk6mHkSxZFCzW9gwlbtOW44CDtYavM+y+72qD/Vq2l550kMF52DT8fOLJqQ==

form-data@^4.0.0:
  version "4.0.1"
  resolved "https://registry.npmjs.org/form-data/-/form-data-4.0.1.tgz"
  integrity sha512-tzN8e4TX8+kkxGPK8D5u0FNmjPUjw3lwC9lSLxxoB/+GtsJG91CO8bSWy73APlgAZzZbXEYZJuxjkHH2w+Ezhw==
  dependencies:
    asynckit "^0.4.0"
    combined-stream "^1.0.8"
    mime-types "^2.1.12"

glob-parent@^5.1.2, glob-parent@~5.1.2:
  version "5.1.2"
  resolved "https://registry.npmjs.org/glob-parent/-/glob-parent-5.1.2.tgz"
  integrity sha512-AOIgSQCepiJYwP3ARnGx+5VnTu2HBYdzbGP45eLw1vr3zB3vZLeyed1sC9hnbcOc9/SrMyM5RPQrkGz4aS9Zow==
  dependencies:
    is-glob "^4.0.1"

has-flag@^4.0.0:
  version "4.0.0"
  resolved "https://registry.npmjs.org/has-flag/-/has-flag-4.0.0.tgz"
  integrity sha512-EykJT/Q1KjTWctppgIAgfSO0tKVuZUjhgMr17kqTumMl6Afv3EISleU7qZUzoXDFTAHTDC4NOoG/ZxU3EvlMPQ==

he@^1.2.0:
  version "1.2.0"
  resolved "https://registry.npmjs.org/he/-/he-1.2.0.tgz"
  integrity sha512-F/1DnUGPopORZi0ni+CvrCgHQ5FyEAHRLSApuYWMmrbSwoN2Mn/7k+Gl38gJnR7yyDZk6WLXwiGod1JOWNDKGw==

immutable@^5.0.2:
  version "5.0.3"
  resolved "https://registry.npmjs.org/immutable/-/immutable-5.0.3.tgz"
  integrity sha512-P8IdPQHq3lA1xVeBRi5VPqUm5HDgKnx0Ru51wZz5mjxHr5n3RWhjIpOFU7ybkUxfB+5IToy+OLaHYDBIWsv+uw==

is-binary-path@~2.1.0:
  version "2.1.0"
  resolved "https://registry.npmjs.org/is-binary-path/-/is-binary-path-2.1.0.tgz"
  integrity sha512-ZMERYes6pDydyuGidse7OsHxtbI7WVeUEozgR/g7rd0xUimYNlvZRE/K2MgZTjWy725IfelLeVcEM97mmtRGXw==
  dependencies:
    binary-extensions "^2.0.0"

is-extglob@^2.1.1:
  version "2.1.1"
  resolved "https://registry.npmjs.org/is-extglob/-/is-extglob-2.1.1.tgz"
  integrity sha512-SbKbANkN603Vi4jEZv49LeVJMn4yGwsbzZworEoyEiutsN3nJYdbO36zfhGJ6QEDpOZIFkDtnq5JRxmvl3jsoQ==

is-glob@^4.0.1, is-glob@~4.0.1:
  version "4.0.3"
  resolved "https://registry.npmjs.org/is-glob/-/is-glob-4.0.3.tgz"
  integrity sha512-xelSayHH36ZgE7ZWhli7pW34hNbNl8Ojv5KVmkJD4hBdD3th8Tfk9vYasLM+mXWOZhFkgZfxhLSnrwRr4elSSg==
  dependencies:
    is-extglob "^2.1.1"

is-number@^7.0.0:
  version "7.0.0"
  resolved "https://registry.npmjs.org/is-number/-/is-number-7.0.0.tgz"
  integrity sha512-41Cifkg6e8TylSpdtTpeLVMqvSBEVzTttHvERD741+pnZ8ANv0004MRL43QKPDlK9cGvNp6NZWZUBlbGXYxxng==

js-cookie@^3.0.5:
  version "3.0.5"
  resolved "https://registry.npmjs.org/js-cookie/-/js-cookie-3.0.5.tgz"
  integrity sha512-cEiJEAEoIbWfCZYKWhVwFuvPX1gETRYPw6LlaTKoxD3s2AkXzkCjnp6h0V77ozyqj0jakteJ4YqDJT830+lVGw==

local-pkg@^0.5.1:
  version "0.5.1"
  resolved "https://registry.npmjs.org/local-pkg/-/local-pkg-0.5.1.tgz"
  integrity sha512-9rrA30MRRP3gBD3HTGnC6cDFpaE1kVDWxWgqWJUN0RvDNAo+Nz/9GxB+nHOH0ifbVFy0hSA1V6vFDvnx54lTEQ==
  dependencies:
    mlly "^1.7.3"
    pkg-types "^1.2.1"

magic-string@^0.30.11, magic-string@^0.30.14:
  version "0.30.14"
  resolved "https://registry.npmjs.org/magic-string/-/magic-string-0.30.14.tgz"
  integrity sha512-5c99P1WKTed11ZC0HMJOj6CDIue6F8ySu+bJL+85q1zBEIY8IklrJ1eiKC2NDRh3Ct3FcvmJPyQHb9erXMTJNw==
  dependencies:
    "@jridgewell/sourcemap-codec" "^1.5.0"

merge2@^1.3.0:
  version "1.4.1"
  resolved "https://registry.npmjs.org/merge2/-/merge2-1.4.1.tgz"
  integrity sha512-8q7VEgMJW4J8tcfVPy8g09NcQwZdbwFEqhe/WZkoIzjn/3TGDwtOCYtXGxA3O8tPzpczCCDgv+P2P5y00ZJOOg==

micromatch@^4.0.4:
  version "4.0.8"
  resolved "https://registry.npmjs.org/micromatch/-/micromatch-4.0.8.tgz"
  integrity sha512-PXwfBhYu0hBCPw8Dn0E+WDYb7af3dSLVWKi3HGv84IdF4TyFoC0ysxFd0Goxw7nSv4T/PzEJQxsYsEiFCKo2BA==
  dependencies:
    braces "^3.0.3"
    picomatch "^2.3.1"

mime-db@1.52.0:
  version "1.52.0"
  resolved "https://registry.npmjs.org/mime-db/-/mime-db-1.52.0.tgz"
  integrity sha512-sPU4uV7dYlvtWJxwwxHD0PuihVNiE7TyAbQ5SWxDCB9mUYvOgroQOwYQQOKPJ8CIbE+1ETVlOoK1UC2nU3gYvg==

mime-types@^2.1.12:
  version "2.1.35"
  resolved "https://registry.npmjs.org/mime-types/-/mime-types-2.1.35.tgz"
  integrity sha512-ZDY+bPm5zTTF+YpCrAU9nK0UgICYPT0QtT1NZWFv4s++TNkcgVaT0g6+4R2uI4MjQjzysHB1zxuWL50hzaeXiw==
  dependencies:
    mime-db "1.52.0"

minimatch@^9.0.3, minimatch@^9.0.5:
  version "9.0.5"
  resolved "https://registry.npmjs.org/minimatch/-/minimatch-9.0.5.tgz"
  integrity sha512-G6T0ZX48xgozx7587koeX9Ys2NYy6Gmv//P89sEte9V9whIapMNF4idKxnW2QtCcLiTWlb/wfCabAtAFWhhBow==
  dependencies:
    brace-expansion "^2.0.1"

mlly@^1.7.2, mlly@^1.7.3:
  version "1.7.3"
  resolved "https://registry.npmjs.org/mlly/-/mlly-1.7.3.tgz"
  integrity sha512-xUsx5n/mN0uQf4V548PKQ+YShA4/IW0KI1dZhrNrPCLG+xizETbHTkOa1f8/xut9JRPp8kQuMnz0oqwkTiLo/A==
  dependencies:
    acorn "^8.14.0"
    pathe "^1.1.2"
    pkg-types "^1.2.1"
    ufo "^1.5.4"

ms@^2.1.3:
  version "2.1.3"
  resolved "https://registry.npmjs.org/ms/-/ms-2.1.3.tgz"
  integrity sha512-6FlzubTLZG3J2a/NVCAleEhjzq5oxgHyaCU9yYXvcLsvoVaHJq/s5xXI6/XXP6tz7R9xAOtHnSO/tXtF3WRTlA==

muggle-string@^0.4.1:
  version "0.4.1"
  resolved "https://registry.npmjs.org/muggle-string/-/muggle-string-0.4.1.tgz"
  integrity sha512-VNTrAak/KhO2i8dqqnqnAHOa3cYBwXEZe9h+D5h/1ZqFSTEFHdM65lR7RoIqq3tBBYavsOXV84NoHXZ0AkPyqQ==

nanoid@^3.3.7:
  version "3.3.8"
  resolved "https://registry.npmjs.org/nanoid/-/nanoid-3.3.8.tgz"
  integrity sha512-WNLf5Sd8oZxOm+TzppcYk8gVOgP+l58xNy58D0nbUnOxOWRWvlcCV4kUF7ltmI6PsrLl/BgKEyS4mqsGChFN0w==

normalize-path@^3.0.0, normalize-path@~3.0.0:
  version "3.0.0"
  resolved "https://registry.npmjs.org/normalize-path/-/normalize-path-3.0.0.tgz"
  integrity sha512-6eZs5Ls3WtCisHWp9S2GUy8dqkpGi4BVSz3GaqiE6ezub0512ESztXUwUB6C6IKbQkY2Pnb/mD4WYojCRwcwLA==

ometa@0.2.2:
  version "0.2.2"
  resolved "https://registry.npmjs.org/ometa/-/ometa-0.2.2.tgz"
  integrity sha512-LZuoK/yjU3FvrxPjUXUlZ1bavCfBPqauA7fsNdwi+AVhRdyk2IzgP3JRnevvjzQ6fKHdUw8YISshf53FmpHrng==

path-browserify@^1.0.1:
  version "1.0.1"
  resolved "https://registry.npmjs.org/path-browserify/-/path-browserify-1.0.1.tgz"
  integrity sha512-b7uo2UCUOYZcnF/3ID0lulOJi/bafxa1xPe7ZPsammBSpjSWQkjNxlt635YGS2MiR9GjvuXCtz2emr3jbsz98g==

pathe@^1.1.2:
  version "1.1.2"
  resolved "https://registry.npmjs.org/pathe/-/pathe-1.1.2.tgz"
  integrity sha512-whLdWMYL2TwI08hn8/ZqAbrVemu0LNaNNJZX73O6qaIdCTfXutsLhMkjdENX0qhsQ9uIimo4/aQOmXkoon2nDQ==

picocolors@^1.1.1:
  version "1.1.1"
  resolved "https://registry.npmjs.org/picocolors/-/picocolors-1.1.1.tgz"
  integrity sha512-xceH2snhtb5M9liqDsmEw56le376mTZkEX/jEb/RxNFyegNul7eNslCXP9FDj/Lcu0X8KEyMceP2ntpaHrDEVA==

picomatch@^2.0.4:
  version "2.3.1"
  resolved "https://registry.npmjs.org/picomatch/-/picomatch-2.3.1.tgz"
  integrity sha512-JU3teHTNjmE2VCGFzuY8EXzCDVwEqB2a8fsIvwaStHhAWJEeVd1o1QD80CU6+ZdEXXSLbSsuLwJjkCBWqRQUVA==

picomatch@^2.2.1:
  version "2.3.1"
  resolved "https://registry.npmjs.org/picomatch/-/picomatch-2.3.1.tgz"
  integrity sha512-JU3teHTNjmE2VCGFzuY8EXzCDVwEqB2a8fsIvwaStHhAWJEeVd1o1QD80CU6+ZdEXXSLbSsuLwJjkCBWqRQUVA==

picomatch@^2.3.1:
  version "2.3.1"
  resolved "https://registry.npmjs.org/picomatch/-/picomatch-2.3.1.tgz"
  integrity sha512-JU3teHTNjmE2VCGFzuY8EXzCDVwEqB2a8fsIvwaStHhAWJEeVd1o1QD80CU6+ZdEXXSLbSsuLwJjkCBWqRQUVA==

picomatch@^4.0.2:
  version "4.0.2"
  resolved "https://registry.npmjs.org/picomatch/-/picomatch-4.0.2.tgz"
  integrity sha512-M7BAV6Rlcy5u+m6oPhAPFgJTzAioX/6B0DxyvDlo9l8+T3nLKbrczg2WLUyzd45L8RqfUMyGPzekbMvX2Ldkwg==

pinia@^2.2.6:
  version "2.2.6"
  resolved "https://registry.npmjs.org/pinia/-/pinia-2.2.6.tgz"
  integrity sha512-vIsR8JkDN5Ga2vAxqOE2cJj4VtsHnzpR1Fz30kClxlh0yCHfec6uoMeM3e/ddqmwFUejK3NlrcQa/shnpyT4hA==
  dependencies:
    "@vue/devtools-api" "^6.6.3"
    vue-demi "^0.14.10"

pkg-types@^1.2.1:
  version "1.2.1"
  resolved "https://registry.npmjs.org/pkg-types/-/pkg-types-1.2.1.tgz"
  integrity sha512-sQoqa8alT3nHjGuTjuKgOnvjo4cljkufdtLMnO2LBP/wRwuDlo1tkaEdMxCRhyGRPacv/ztlZgDPm2b7FAmEvw==
  dependencies:
    confbox "^0.1.8"
    mlly "^1.7.2"
    pathe "^1.1.2"

postcss@^8.4.48, postcss@^8.4.49:
  version "8.4.49"
  resolved "https://registry.npmjs.org/postcss/-/postcss-8.4.49.tgz"
  integrity sha512-OCVPnIObs4N29kxTjzLfUryOkvZEq+pf8jTF0lg8E7uETuWHA+v7j3c/xJmiqpX450191LlmZfUKkXxkTry7nA==
  dependencies:
    nanoid "^3.3.7"
    picocolors "^1.1.1"
    source-map-js "^1.2.1"

prettier@^3.4.1:
  version "3.4.1"
  resolved "https://registry.npmjs.org/prettier/-/prettier-3.4.1.tgz"
  integrity sha512-G+YdqtITVZmOJje6QkXQWzl3fSfMxFwm1tjTyo9exhkmWSqC4Yhd1+lug++IlR2mvRVAxEDDWYkQdeSztajqgg==

primevue@^4.2.4:
  version "4.2.4"
  resolved "https://registry.npmjs.org/primevue/-/primevue-4.2.4.tgz"
  integrity sha512-aMQymoO489isReSF/bScypswOnLBU29qkeTulGj3Wntb9plvzTIWjA4+iyDOsyxGmV5GVIvD+DuTw5FNCDWgSw==
  dependencies:
    "@primeuix/styled" "^0.3.2"
    "@primeuix/utils" "^0.3.2"
    "@primevue/core" "4.2.4"
    "@primevue/icons" "4.2.4"

proxy-from-env@^1.1.0:
  version "1.1.0"
  resolved "https://registry.npmjs.org/proxy-from-env/-/proxy-from-env-1.1.0.tgz"
  integrity sha512-D+zkORCbA9f1tdWRK0RaCR3GPv50cMxcrz4X8k5LTSUD1Dkw47mKJEZQNunItRTkWwgtaUSo1RVFRIG9ZXiFYg==

queue-microtask@^1.2.2:
  version "1.2.3"
  resolved "https://registry.npmjs.org/queue-microtask/-/queue-microtask-1.2.3.tgz"
  integrity sha512-NuaNSa6flKT5JaSYQzJok04JzTL1CA6aGhv5rfLW3PgqA+M2ChpZQnAC8h8i4ZFkBS8X5RqkDBHA7r4hej3K9A==

readdirp@~3.6.0:
  version "3.6.0"
  resolved "https://registry.npmjs.org/readdirp/-/readdirp-3.6.0.tgz"
  integrity sha512-hOS089on8RduqdbhvQ5Z37A0ESjsqz6qnRcffsMU3495FuTdqSm+7bhJ29JvIOsBDEEnan5DPu9t3To9VRlMzA==
  dependencies:
    picomatch "^2.2.1"

reusify@^1.0.4:
  version "1.0.4"
  resolved "https://registry.npmjs.org/reusify/-/reusify-1.0.4.tgz"
  integrity sha512-U9nH88a3fc/ekCF1l0/UP1IosiuIjyTh7hBvXVMHYgVcfGvt897Xguj2UOLDeI5BG2m7/uwyaLVT6fbtCwTyzw==

rollup@^1.20.0||^2.0.0||^3.0.0||^4.0.0, rollup@^4.23.0:
  version "4.27.4"
  resolved "https://registry.npmjs.org/rollup/-/rollup-4.27.4.tgz"
  integrity sha512-RLKxqHEMjh/RGLsDxAEsaLO3mWgyoU6x9w6n1ikAzet4B3gI2/3yP6PWY2p9QzRTh6MfEIXB3MwsOY0Iv3vNrw==
  dependencies:
    "@types/estree" "1.0.6"
  optionalDependencies:
    "@rollup/rollup-android-arm-eabi" "4.27.4"
    "@rollup/rollup-android-arm64" "4.27.4"
    "@rollup/rollup-darwin-arm64" "4.27.4"
    "@rollup/rollup-darwin-x64" "4.27.4"
    "@rollup/rollup-freebsd-arm64" "4.27.4"
    "@rollup/rollup-freebsd-x64" "4.27.4"
    "@rollup/rollup-linux-arm-gnueabihf" "4.27.4"
    "@rollup/rollup-linux-arm-musleabihf" "4.27.4"
    "@rollup/rollup-linux-arm64-gnu" "4.27.4"
    "@rollup/rollup-linux-arm64-musl" "4.27.4"
    "@rollup/rollup-linux-powerpc64le-gnu" "4.27.4"
    "@rollup/rollup-linux-riscv64-gnu" "4.27.4"
    "@rollup/rollup-linux-s390x-gnu" "4.27.4"
    "@rollup/rollup-linux-x64-gnu" "4.27.4"
    "@rollup/rollup-linux-x64-musl" "4.27.4"
    "@rollup/rollup-win32-arm64-msvc" "4.27.4"
    "@rollup/rollup-win32-ia32-msvc" "4.27.4"
    "@rollup/rollup-win32-x64-msvc" "4.27.4"
    fsevents "~2.3.2"

run-parallel@^1.1.9:
  version "1.2.0"
  resolved "https://registry.npmjs.org/run-parallel/-/run-parallel-1.2.0.tgz"
  integrity sha512-5l4VyZR86LZ/lDxZTR6jqL8AFE2S0IFLMP26AbjsLVADxHdhB/c0GUsH+y39UfCi3dzz8OlQuPmnaJOMoDHQBA==
  dependencies:
    queue-microtask "^1.2.2"

rxjs@^7.4.0:
  version "7.8.1"
  resolved "https://registry.npmjs.org/rxjs/-/rxjs-7.8.1.tgz"
  integrity sha512-AA3TVj+0A2iuIoQkWEK/tqFjBq2j+6PO6Y0zJcvzLAFhEFIO3HL0vls9hWLncZbAAbK0mar7oZ4V079I/qPMxg==
  dependencies:
    tslib "^2.1.0"

sass-embedded-win32-x64@1.81.1:
  version "1.81.1"
  resolved "https://registry.npmjs.org/sass-embedded-win32-x64/-/sass-embedded-win32-x64-1.81.1.tgz"
  integrity sha512-7tMkGRcI9d1tpkqpFcrlEtzZiYdUAxgETlKb9lv9OqUhHO5VqmZrS/h8etBiNKaMqnUDd9QVWNZ2jCqjJpkAGA==

sass-embedded@*, sass-embedded@^1.81.0:
  version "1.81.1"
  resolved "https://registry.npmjs.org/sass-embedded/-/sass-embedded-1.81.1.tgz"
  integrity sha512-T9QS45YmdllHp2D/Xmdjy9s5hpP95QSlvrVAhyX9cxSAi88IU5/nHTs+6yHjfSKwJdUpSaUmcCUkZgEDriW16Q==
  dependencies:
    "@bufbuild/protobuf" "^2.0.0"
    buffer-builder "^0.2.0"
    colorjs.io "^0.5.0"
    immutable "^5.0.2"
    rxjs "^7.4.0"
    supports-color "^8.1.1"
    sync-child-process "^1.0.2"
    varint "^6.0.0"
  optionalDependencies:
    sass-embedded-android-arm "1.81.1"
    sass-embedded-android-arm64 "1.81.1"
    sass-embedded-android-ia32 "1.81.1"
    sass-embedded-android-riscv64 "1.81.1"
    sass-embedded-android-x64 "1.81.1"
    sass-embedded-darwin-arm64 "1.81.1"
    sass-embedded-darwin-x64 "1.81.1"
    sass-embedded-linux-arm "1.81.1"
    sass-embedded-linux-arm64 "1.81.1"
    sass-embedded-linux-ia32 "1.81.1"
    sass-embedded-linux-musl-arm "1.81.1"
    sass-embedded-linux-musl-arm64 "1.81.1"
    sass-embedded-linux-musl-ia32 "1.81.1"
    sass-embedded-linux-musl-riscv64 "1.81.1"
    sass-embedded-linux-musl-x64 "1.81.1"
    sass-embedded-linux-riscv64 "1.81.1"
    sass-embedded-linux-x64 "1.81.1"
    sass-embedded-win32-arm64 "1.81.1"
    sass-embedded-win32-ia32 "1.81.1"
    sass-embedded-win32-x64 "1.81.1"

scss@^0.2.4:
  version "0.2.4"
  resolved "https://registry.npmjs.org/scss/-/scss-0.2.4.tgz"
  integrity sha512-4u8V87F+Q/upVhUmhPnB4C1R11xojkRkWjExL2v0CX2EXTg18VrKd+9JWoeyCp2VEMdSpJsyAvVU+rVjogh51A==
  dependencies:
    ometa "0.2.2"

semver@^7.5.4:
  version "7.6.3"
  resolved "https://registry.npmjs.org/semver/-/semver-7.6.3.tgz"
  integrity sha512-oVekP1cKtI+CTDvHWYFUcMtsK/00wmAEfyqKfNdARm8u1wNVhSgaX7A8d4UuIlUI5e84iEwOhs7ZPYRmzU9U6A==

source-map-js@^1.2.0, source-map-js@^1.2.1:
  version "1.2.1"
  resolved "https://registry.npmjs.org/source-map-js/-/source-map-js-1.2.1.tgz"
  integrity sha512-UXWMKhLOwVKb728IUtQPXxfYU+usdybtUrK/8uGE8CQMvrhOpwvzDBwj0QhSL7MQc7vIsISBG8VQ8+IDQxpfQA==

supports-color@^8.1.1:
  version "8.1.1"
  resolved "https://registry.npmjs.org/supports-color/-/supports-color-8.1.1.tgz"
  integrity sha512-MpUEN2OodtUzxvKQl72cUF7RQ5EiHsGvSsVG0ia9c5RbWGL2CI4C7EpPS8UTBIplnlzZiNuV56w+FuNxy3ty2Q==
  dependencies:
    has-flag "^4.0.0"

sync-child-process@^1.0.2:
  version "1.0.2"
  resolved "https://registry.npmjs.org/sync-child-process/-/sync-child-process-1.0.2.tgz"
  integrity sha512-8lD+t2KrrScJ/7KXCSyfhT3/hRq78rC0wBFqNJXv3mZyn6hW2ypM05JmlSvtqRbeq6jqA94oHbxAr2vYsJ8vDA==
  dependencies:
    sync-message-port "^1.0.0"

sync-message-port@^1.0.0:
  version "1.1.3"
  resolved "https://registry.npmjs.org/sync-message-port/-/sync-message-port-1.1.3.tgz"
  integrity sha512-GTt8rSKje5FilG+wEdfCkOcLL7LWqpMlr2c3LRuKt/YXxcJ52aGSbGBAdI4L3aaqfrBt6y711El53ItyH1NWzg==

to-regex-range@^5.0.1:
  version "5.0.1"
  resolved "https://registry.npmjs.org/to-regex-range/-/to-regex-range-5.0.1.tgz"
  integrity sha512-65P7iz6X5yEr1cwcgvQxbbIw7Uk3gOy5dIdtZ4rDveLqhrdJP+Li/Hx6tyK0NEb+2GCyneCMJiGqrADCSNk8sQ==
  dependencies:
    is-number "^7.0.0"

tslib@^2.1.0:
  version "2.8.1"
  resolved "https://registry.npmjs.org/tslib/-/tslib-2.8.1.tgz"
  integrity sha512-oJFu94HQb+KVduSUQL7wnpmqnfmLsOA/nAh6b6EH0wCEoK0/mPeXU6c3wKDV83MkOuHPRHtSXKKU99IBazS/2w==

typescript@*, typescript@>=4.4.4, typescript@>=5.0.0, typescript@~5.6.2:
  version "5.6.3"
  resolved "https://registry.npmjs.org/typescript/-/typescript-5.6.3.tgz"
  integrity sha512-hjcS1mhfuyi4WW8IWtjP7brDrG2cuDZukyrYrSauoXGNgx0S7zceP07adYkJycEr56BOUTNPzbInooiN3fn1qw==

ufo@^1.5.4:
  version "1.5.4"
  resolved "https://registry.npmjs.org/ufo/-/ufo-1.5.4.tgz"
  integrity sha512-UsUk3byDzKd04EyoZ7U4DOlxQaD14JUKQl6/P7wiX4FNvUfm3XL246n9W5AmqwW5RSFJ27NAuM0iLscAOYUiGQ==

unplugin-vue-components@^0.27.5:
  version "0.27.5"
  resolved "https://registry.npmjs.org/unplugin-vue-components/-/unplugin-vue-components-0.27.5.tgz"
  integrity sha512-m9j4goBeNwXyNN8oZHHxvIIYiG8FQ9UfmKWeNllpDvhU7btKNNELGPt+o3mckQKuPwrE7e0PvCsx+IWuDSD9Vg==
  dependencies:
    "@antfu/utils" "^0.7.10"
    "@rollup/pluginutils" "^5.1.3"
    chokidar "^3.6.0"
    debug "^4.3.7"
    fast-glob "^3.3.2"
    local-pkg "^0.5.1"
    magic-string "^0.30.14"
    minimatch "^9.0.5"
    mlly "^1.7.3"
    unplugin "^1.16.0"

unplugin@^1.16.0:
  version "1.16.0"
  resolved "https://registry.npmjs.org/unplugin/-/unplugin-1.16.0.tgz"
  integrity sha512-5liCNPuJW8dqh3+DM6uNM2EI3MLLpCKp/KY+9pB5M2S2SR2qvvDHhKgBOaTWEbZTAws3CXfB0rKTIolWKL05VQ==
  dependencies:
    acorn "^8.14.0"
    webpack-virtual-modules "^0.6.2"

varint@^6.0.0:
  version "6.0.0"
  resolved "https://registry.npmjs.org/varint/-/varint-6.0.0.tgz"
  integrity sha512-cXEIW6cfr15lFv563k4GuVuW/fiwjknytD37jIOLSdSWuOI6WnO/oKwmP2FQTU2l01LP8/M5TSAJpzUaGe3uWg==

"vite@^5.0.0 || ^6.0.0", vite@^6.0.1:
  version "6.0.1"
  resolved "https://registry.npmjs.org/vite/-/vite-6.0.1.tgz"
  integrity sha512-Ldn6gorLGr4mCdFnmeAOLweJxZ34HjKnDm4HGo6P66IEqTxQb36VEdFJQENKxWjupNfoIjvRUnswjn1hpYEpjQ==
  dependencies:
    esbuild "^0.24.0"
    postcss "^8.4.49"
    rollup "^4.23.0"
  optionalDependencies:
    fsevents "~2.3.3"

vscode-uri@^3.0.8:
  version "3.0.8"
  resolved "https://registry.npmjs.org/vscode-uri/-/vscode-uri-3.0.8.tgz"
  integrity sha512-AyFQ0EVmsOZOlAnxoFOGOq1SQDWAB7C6aqMGS23svWAllfOaxbuFvcT8D1i8z3Gyn8fraVeZNNmN6e9bxxXkKw==

vue-demi@^0.14.10:
  version "0.14.10"
  resolved "https://registry.npmjs.org/vue-demi/-/vue-demi-0.14.10.tgz"
  integrity sha512-nMZBOwuzabUO0nLgIcc6rycZEebF6eeUfaiQx9+WSk8e29IbLvPU9feI6tqW4kTo3hvoYAJkMh8n8D0fuISphg==

vue-router@^4.0.13:
  version "4.0.13"
  resolved "https://registry.npmjs.org/vue-router/-/vue-router-4.0.13.tgz"
  integrity sha512-LmXrC+BkDRLak+d5xTMgUYraT3Nj0H/vCbP+7usGvIl9Viqd1UP6AsP0i69pSbn9O0dXK/xCdp4yPw21HqV9Jw==
  dependencies:
    "@vue/devtools-api" "^6.0.0"

vue-tsc@^2.1.10:
  version "2.1.10"
  resolved "https://registry.npmjs.org/vue-tsc/-/vue-tsc-2.1.10.tgz"
  integrity sha512-RBNSfaaRHcN5uqVqJSZh++Gy/YUzryuv9u1aFWhsammDJXNtUiJMNoJ747lZcQ68wUQFx6E73y4FY3D8E7FGMA==
  dependencies:
    "@volar/typescript" "~2.4.8"
    "@vue/language-core" "2.1.10"
    semver "^7.5.4"

"vue@^2.6.14 || ^3.5.11", "vue@^3.0.0-0 || ^2.6.0", vue@^3.2.0, vue@^3.2.25, vue@^3.3.0, vue@^3.5.13, "vue@2 || 3", vue@3.5.13:
  version "3.5.13"
  resolved "https://registry.npmjs.org/vue/-/vue-3.5.13.tgz"
  integrity sha512-wmeiSMxkZCSc+PM2w2VRsOYAZC8GdipNFRTsLSfodVqI9mbejKeXEGr8SckuLnrQPGe3oJN5c3K0vpoU9q/wCQ==
  dependencies:
    "@vue/compiler-dom" "3.5.13"
    "@vue/compiler-sfc" "3.5.13"
    "@vue/runtime-dom" "3.5.13"
    "@vue/server-renderer" "3.5.13"
    "@vue/shared" "3.5.13"

webpack-virtual-modules@^0.6.2:
  version "0.6.2"
  resolved "https://registry.npmjs.org/webpack-virtual-modules/-/webpack-virtual-modules-0.6.2.tgz"
  integrity sha512-66/V2i5hQanC51vBQKPH4aI8NMAcBW59FVBs+rC7eGHupMyfn34q7rZIE+ETlJ+XTevqfUhVVBgSUNSW2flEUQ==
